

Microsoft Visual Studio Solution File, Format Version 12.00
# Visual Studio Version 16
VisualStudioVersion = 16.0.30320.27
MinimumVisualStudioVersion = 10.0.40219.1
Project("{7C2245C7-EF9C-4A33-85F7-0F05E4D6916C}") = "IceSpyTools", "IceSpyTools.csproj", "{1BBB91A8-652D-4708-8F78-091938D8F099}"
EndProject
Global
	GlobalSection(SolutionConfigurationPlatforms) = preSolution
		Debug|Any CPU = Debug|Any CPU
		Release|Any CPU = Release|Any CPU
	EndGlobalSection
	GlobalSection(ProjectConfigurationPlatforms) = postSolution
		{1BBB91A8-652D-4708-8F78-091938D8F099}.Debug|Any CPU.ActiveCfg = Debug|Any CPU
		{1BBB91A8-652D-4708-8F78-091938D8F099}.Debug|Any CPU.Build.0 = Debug|Any CPU
		{1BBB91A8-652D-4708-8F78-091938D8F099}.Release|Any CPU.ActiveCfg = Release|Any CPU
		{1BBB91A8-652D-4708-8F78-091938D8F099}.Release|Any CPU.Build.0 = Release|Any CPU
	EndGlobalSection
	GlobalSection(SolutionProperties) = preSolution
		HideSolutionNode = FALSE
	EndGlobalSection
	GlobalSection(ExtensibilityGlobals) = postSolution
		SolutionGuid = {291C1464-F2A5-4AB8-A772-AC3207D7C617}
	EndGlobalSection
EndGlobal
